
Microsoft Visual Studio Solution File, Format Version 12.00
# Visual Studio 15
VisualStudioVersion = 15.0.28307.1209
MinimumVisualStudioVersion = 10.0.40219.1
Project("{FAE04EC0-301F-11D3-BF4B-00C04F79EFBC}") = "Vingadores", "Vingadores\Vingadores.csproj", "{8942B758-E8EC-4B57-8852-77299FAC0BE7}"
EndProject
Global
	GlobalSection(SolutionConfigurationPlatforms) = preSolution
		Debug|Any CPU = Debug|Any CPU
		Release|Any CPU = Release|Any CPU
	EndGlobalSection
	GlobalSection(ProjectConfigurationPlatforms) = postSolution
		{8942B758-E8EC-4B57-8852-77299FAC0BE7}.Debug|Any CPU.ActiveCfg = Debug|Any CPU
		{8942B758-E8EC-4B57-8852-77299FAC0BE7}.Debug|Any CPU.Build.0 = Debug|Any CPU
		{8942B758-E8EC-4B57-8852-77299FAC0BE7}.Release|Any CPU.ActiveCfg = Release|Any CPU
		{8942B758-E8EC-4B57-8852-77299FAC0BE7}.Release|Any CPU.Build.0 = Release|Any CPU
	EndGlobalSection
	GlobalSection(SolutionProperties) = preSolution
		HideSolutionNode = FALSE
	EndGlobalSection
	GlobalSection(ExtensibilityGlobals) = postSolution
		SolutionGuid = {6B316AD5-AC43-40F3-98BC-B1B4ED13DAE3}
	EndGlobalSection
EndGlobal
